
Microsoft Visual Studio Solution File, Format Version 12.00
# Visual Studio Version 17
VisualStudioVersion = 17.13.35806.99 d17.13
MinimumVisualStudioVersion = 10.0.40219.1
Project("{FAE04EC0-301F-11D3-BF4B-00C04F79EFBC}") = "AICommentModerator", "AICommentModerator\AICommentModerator.csproj", "{1BBE514E-2A52-4B18-881A-6A8477DD61DC}"
EndProject
Global
	GlobalSection(SolutionConfigurationPlatforms) = preSolution
		Debug|Any CPU = Debug|Any CPU
		Release|Any CPU = Release|Any CPU
	EndGlobalSection
	GlobalSection(ProjectConfigurationPlatforms) = postSolution
		{1BBE514E-2A52-4B18-881A-6A8477DD61DC}.Debug|Any CPU.ActiveCfg = Debug|Any CPU
		{1BBE514E-2A52-4B18-881A-6A8477DD61DC}.Debug|Any CPU.Build.0 = Debug|Any CPU
		{1BBE514E-2A52-4B18-881A-6A8477DD61DC}.Release|Any CPU.ActiveCfg = Release|Any CPU
		{1BBE514E-2A52-4B18-881A-6A8477DD61DC}.Release|Any CPU.Build.0 = Release|Any CPU
	EndGlobalSection
	GlobalSection(SolutionProperties) = preSolution
		HideSolutionNode = FALSE
	EndGlobalSection
	GlobalSection(ExtensibilityGlobals) = postSolution
		SolutionGuid = {66964051-3D8F-4175-8631-B14BDA70FB25}
	EndGlobalSection
EndGlobal
